
Microsoft Visual Studio Solution File, Format Version 12.00
# Visual Studio 14
VisualStudioVersion = 14.0.25420.1
MinimumVisualStudioVersion = 10.0.40219.1
Project("{2150E333-8FDC-42A3-9474-1A3956D46DE8}") = "src", "src", "{5384928C-7ACF-41EF-927F-C255A59DEBF2}"
EndProject
Project("{2150E333-8FDC-42A3-9474-1A3956D46DE8}") = "Solution Items", "Solution Items", "{453159A6-9F62-4B08-BD17-EB8B55054184}"
	ProjectSection(SolutionItems) = preProject
		global.json = global.json
	EndProjectSection
EndProject
Project("{8BB2217D-0F2D-49D1-97BC-3654ED321F3B}") = "DotNetCore", "src\DotNetCore\DotNetCore.xproj", "{BFCDBDE1-443F-4155-BB94-7EAEE76A9C3C}"
EndProject
Project("{8BB2217D-0F2D-49D1-97BC-3654ED321F3B}") = "IDAL", "src\IDAL\IDAL.xproj", "{AD46A1EF-1801-45E1-BE28-246689CD5B6E}"
EndProject
Project("{8BB2217D-0F2D-49D1-97BC-3654ED321F3B}") = "DAL", "src\DAL\DAL.xproj", "{9703FE94-A90B-4D7A-A49C-BB97DB4A24BE}"
EndProject
Project("{8BB2217D-0F2D-49D1-97BC-3654ED321F3B}") = "IBLL", "src\IBLL\IBLL.xproj", "{EA17C013-0809-4AB4-AA02-C33E52802336}"
EndProject
Project("{8BB2217D-0F2D-49D1-97BC-3654ED321F3B}") = "BLL", "src\BLL\BLL.xproj", "{54E69CC6-0665-44C6-8A45-7C46C7B7E579}"
EndProject
Project("{8BB2217D-0F2D-49D1-97BC-3654ED321F3B}") = "Common", "src\Common\Common.xproj", "{C0A33146-7C9E-4BE0-ABCA-001AB22A55E5}"
EndProject
Global
	GlobalSection(SolutionConfigurationPlatforms) = preSolution
		Debug|Any CPU = Debug|Any CPU
		Release|Any CPU = Release|Any CPU
	EndGlobalSection
	GlobalSection(ProjectConfigurationPlatforms) = postSolution
		{BFCDBDE1-443F-4155-BB94-7EAEE76A9C3C}.Debug|Any CPU.ActiveCfg = Debug|Any CPU
		{BFCDBDE1-443F-4155-BB94-7EAEE76A9C3C}.Debug|Any CPU.Build.0 = Debug|Any CPU
		{BFCDBDE1-443F-4155-BB94-7EAEE76A9C3C}.Release|Any CPU.ActiveCfg = Release|Any CPU
		{BFCDBDE1-443F-4155-BB94-7EAEE76A9C3C}.Release|Any CPU.Build.0 = Release|Any CPU
		{AD46A1EF-1801-45E1-BE28-246689CD5B6E}.Debug|Any CPU.ActiveCfg = Debug|Any CPU
		{AD46A1EF-1801-45E1-BE28-246689CD5B6E}.Debug|Any CPU.Build.0 = Debug|Any CPU
		{AD46A1EF-1801-45E1-BE28-246689CD5B6E}.Release|Any CPU.ActiveCfg = Release|Any CPU
		{AD46A1EF-1801-45E1-BE28-246689CD5B6E}.Release|Any CPU.Build.0 = Release|Any CPU
		{9703FE94-A90B-4D7A-A49C-BB97DB4A24BE}.Debug|Any CPU.ActiveCfg = Debug|Any CPU
		{9703FE94-A90B-4D7A-A49C-BB97DB4A24BE}.Debug|Any CPU.Build.0 = Debug|Any CPU
		{9703FE94-A90B-4D7A-A49C-BB97DB4A24BE}.Release|Any CPU.ActiveCfg = Release|Any CPU
		{9703FE94-A90B-4D7A-A49C-BB97DB4A24BE}.Release|Any CPU.Build.0 = Release|Any CPU
		{EA17C013-0809-4AB4-AA02-C33E52802336}.Debug|Any CPU.ActiveCfg = Debug|Any CPU
		{EA17C013-0809-4AB4-AA02-C33E52802336}.Debug|Any CPU.Build.0 = Debug|Any CPU
		{EA17C013-0809-4AB4-AA02-C33E52802336}.Release|Any CPU.ActiveCfg = Release|Any CPU
		{EA17C013-0809-4AB4-AA02-C33E52802336}.Release|Any CPU.Build.0 = Release|Any CPU
		{54E69CC6-0665-44C6-8A45-7C46C7B7E579}.Debug|Any CPU.ActiveCfg = Debug|Any CPU
		{54E69CC6-0665-44C6-8A45-7C46C7B7E579}.Debug|Any CPU.Build.0 = Debug|Any CPU
		{54E69CC6-0665-44C6-8A45-7C46C7B7E579}.Release|Any CPU.ActiveCfg = Release|Any CPU
		{54E69CC6-0665-44C6-8A45-7C46C7B7E579}.Release|Any CPU.Build.0 = Release|Any CPU
		{C0A33146-7C9E-4BE0-ABCA-001AB22A55E5}.Debug|Any CPU.ActiveCfg = Debug|Any CPU
		{C0A33146-7C9E-4BE0-ABCA-001AB22A55E5}.Debug|Any CPU.Build.0 = Debug|Any CPU
		{C0A33146-7C9E-4BE0-ABCA-001AB22A55E5}.Release|Any CPU.ActiveCfg = Release|Any CPU
		{C0A33146-7C9E-4BE0-ABCA-001AB22A55E5}.Release|Any CPU.Build.0 = Release|Any CPU
	EndGlobalSection
	GlobalSection(SolutionProperties) = preSolution
		HideSolutionNode = FALSE
	EndGlobalSection
	GlobalSection(NestedProjects) = preSolution
		{BFCDBDE1-443F-4155-BB94-7EAEE76A9C3C} = {5384928C-7ACF-41EF-927F-C255A59DEBF2}
		{AD46A1EF-1801-45E1-BE28-246689CD5B6E} = {5384928C-7ACF-41EF-927F-C255A59DEBF2}
		{9703FE94-A90B-4D7A-A49C-BB97DB4A24BE} = {5384928C-7ACF-41EF-927F-C255A59DEBF2}
		{EA17C013-0809-4AB4-AA02-C33E52802336} = {5384928C-7ACF-41EF-927F-C255A59DEBF2}
		{54E69CC6-0665-44C6-8A45-7C46C7B7E579} = {5384928C-7ACF-41EF-927F-C255A59DEBF2}
		{C0A33146-7C9E-4BE0-ABCA-001AB22A55E5} = {5384928C-7ACF-41EF-927F-C255A59DEBF2}
	EndGlobalSection
EndGlobal
